// !$*UTF8*$!
{
	archiveVersion = 1;
	classes = {
	};
	objectVersion = 55;
	objects = {

/* Begin PBXBuildFile section */
		AD6C11CE285DCF4A008F0D12 /* AppDelegate.swift in Sources */ = {isa = PBXBuildFile; fileRef = AD6C11CD285DCF4A008F0D12 /* AppDelegate.swift */; };
		AD6C11D0285DCF4A008F0D12 /* SceneDelegate.swift in Sources */ = {isa = PBXBuildFile; fileRef = AD6C11CF285DCF4A008F0D12 /* SceneDelegate.swift */; };
		AD6C11D2285DCF4A008F0D12 /* ViewController.swift in Sources */ = {isa = PBXBuildFile; fileRef = AD6C11D1285DCF4A008F0D12 /* ViewController.swift */; };
		AD6C11D5285DCF4A008F0D12 /* Main.storyboard in Resources */ = {isa = PBXBuildFile; fileRef = AD6C11D3285DCF4A008F0D12 /* Main.storyboard */; };
		AD6C11D7285DCF50008F0D12 /* Assets.xcassets in Resources */ = {isa = PBXBuildFile; fileRef = AD6C11D6285DCF50008F0D12 /* Assets.xcassets */; };
		AD6C11DA285DCF50008F0D12 /* LaunchScreen.storyboard in Resources */ = {isa = PBXBuildFile; fileRef = AD6C11D8285DCF50008F0D12 /* LaunchScreen.storyboard */; };
		AD6C11E5285DCF52008F0D12 /* SampleNASATests.swift in Sources */ = {isa = PBXBuildFile; fileRef = AD6C11E4285DCF52008F0D12 /* SampleNASATests.swift */; };
		AD6C11EF285DCF52008F0D12 /* SampleNASAUITests.swift in Sources */ = {isa = PBXBuildFile; fileRef = AD6C11EE285DCF52008F0D12 /* SampleNASAUITests.swift */; };
		AD6C11F1285DCF52008F0D12 /* SampleNASAUITestsLaunchTests.swift in Sources */ = {isa = PBXBuildFile; fileRef = AD6C11F0285DCF52008F0D12 /* SampleNASAUITestsLaunchTests.swift */; };
		AD6C11FE285DCF6F008F0D12 /* PlanetaryNetworkManager.swift in Sources */ = {isa = PBXBuildFile; fileRef = AD6C11FD285DCF6F008F0D12 /* PlanetaryNetworkManager.swift */; };
		AD6C1200285DCF93008F0D12 /* PlanetaryModel.swift in Sources */ = {isa = PBXBuildFile; fileRef = AD6C11FF285DCF93008F0D12 /* PlanetaryModel.swift */; };
		AD6C1202285DCFB0008F0D12 /* PlanetaryViewModel.swift in Sources */ = {isa = PBXBuildFile; fileRef = AD6C1201285DCFB0008F0D12 /* PlanetaryViewModel.swift */; };
		AD6C1206285DD204008F0D12 /* PlanetaryURLBuilder.swift in Sources */ = {isa = PBXBuildFile; fileRef = AD6C1205285DD204008F0D12 /* PlanetaryURLBuilder.swift */; };
		AD6C1239285DDD35008F0D12 /* PlanetaryURLCreator.swift in Sources */ = {isa = PBXBuildFile; fileRef = AD6C1238285DDD35008F0D12 /* PlanetaryURLCreator.swift */; };
		AD6C123C285DE0C3008F0D12 /* Utilities.swift in Sources */ = {isa = PBXBuildFile; fileRef = AD6C123B285DE0C3008F0D12 /* Utilities.swift */; };
		AD6C123E285DFBDE008F0D12 /* PlanetaryImageCache.swift in Sources */ = {isa = PBXBuildFile; fileRef = AD6C123D285DFBDE008F0D12 /* PlanetaryImageCache.swift */; };
/* End PBXBuildFile section */

/* Begin PBXContainerItemProxy section */
		AD6C11E1285DCF52008F0D12 /* PBXContainerItemProxy */ = {
			isa = PBXContainerItemProxy;
			containerPortal = AD6C11C2285DCF4A008F0D12 /* Project object */;
			proxyType = 1;
			remoteGlobalIDString = AD6C11C9285DCF4A008F0D12;
			remoteInfo = SampleNASA;
		};
		AD6C11EB285DCF52008F0D12 /* PBXContainerItemProxy */ = {
			isa = PBXContainerItemProxy;
			containerPortal = AD6C11C2285DCF4A008F0D12 /* Project object */;
			proxyType = 1;
			remoteGlobalIDString = AD6C11C9285DCF4A008F0D12;
			remoteInfo = SampleNASA;
		};
/* End PBXContainerItemProxy section */

/* Begin PBXFileReference section */
		AD6C11CA285DCF4A008F0D12 /* SampleNASA.app */ = {isa = PBXFileReference; explicitFileType = wrapper.application; includeInIndex = 0; path = SampleNASA.app; sourceTree = BUILT_PRODUCTS_DIR; };
		AD6C11CD285DCF4A008F0D12 /* AppDelegate.swift */ = {isa = PBXFileReference; lastKnownFileType = sourcecode.swift; path = AppDelegate.swift; sourceTree = "<group>"; };
		AD6C11CF285DCF4A008F0D12 /* SceneDelegate.swift */ = {isa = PBXFileReference; lastKnownFileType = sourcecode.swift; path = SceneDelegate.swift; sourceTree = "<group>"; };
		AD6C11D1285DCF4A008F0D12 /* ViewController.swift */ = {isa = PBXFileReference; lastKnownFileType = sourcecode.swift; path = ViewController.swift; sourceTree = "<group>"; };
		AD6C11D4285DCF4A008F0D12 /* Base */ = {isa = PBXFileReference; lastKnownFileType = file.storyboard; name = Base; path = Base.lproj/Main.storyboard; sourceTree = "<group>"; };
		AD6C11D6285DCF50008F0D12 /* Assets.xcassets */ = {isa = PBXFileReference; lastKnownFileType = folder.assetcatalog; path = Assets.xcassets; sourceTree = "<group>"; };
		AD6C11D9285DCF50008F0D12 /* Base */ = {isa = PBXFileReference; lastKnownFileType = file.storyboard; name = Base; path = Base.lproj/LaunchScreen.storyboard; sourceTree = "<group>"; };
		AD6C11DB285DCF50008F0D12 /* Info.plist */ = {isa = PBXFileReference; lastKnownFileType = text.plist.xml; path = Info.plist; sourceTree = "<group>"; };
		AD6C11E0285DCF52008F0D12 /* SampleNASATests.xctest */ = {isa = PBXFileReference; explicitFileType = wrapper.cfbundle; includeInIndex = 0; path = SampleNASATests.xctest; sourceTree = BUILT_PRODUCTS_DIR; };
		AD6C11E4285DCF52008F0D12 /* SampleNASATests.swift */ = {isa = PBXFileReference; lastKnownFileType = sourcecode.swift; path = SampleNASATests.swift; sourceTree = "<group>"; };
		AD6C11EA285DCF52008F0D12 /* SampleNASAUITests.xctest */ = {isa = PBXFileReference; explicitFileType = wrapper.cfbundle; includeInIndex = 0; path = SampleNASAUITests.xctest; sourceTree = BUILT_PRODUCTS_DIR; };
		AD6C11EE285DCF52008F0D12 /* SampleNASAUITests.swift */ = {isa = PBXFileReference; lastKnownFileType = sourcecode.swift; path = SampleNASAUITests.swift; sourceTree = "<group>"; };
		AD6C11F0285DCF52008F0D12 /* SampleNASAUITestsLaunchTests.swift */ = {isa = PBXFileReference; lastKnownFileType = sourcecode.swift; path = SampleNASAUITestsLaunchTests.swift; sourceTree = "<group>"; };
		AD6C11FD285DCF6F008F0D12 /* PlanetaryNetworkManager.swift */ = {isa = PBXFileReference; lastKnownFileType = sourcecode.swift; path = PlanetaryNetworkManager.swift; sourceTree = "<group>"; };
		AD6C11FF285DCF93008F0D12 /* PlanetaryModel.swift */ = {isa = PBXFileReference; lastKnownFileType = sourcecode.swift; path = PlanetaryModel.swift; sourceTree = "<group>"; };
		AD6C1201285DCFB0008F0D12 /* PlanetaryViewModel.swift */ = {isa = PBXFileReference; lastKnownFileType = sourcecode.swift; path = PlanetaryViewModel.swift; sourceTree = "<group>"; };
		AD6C1205285DD204008F0D12 /* PlanetaryURLBuilder.swift */ = {isa = PBXFileReference; lastKnownFileType = sourcecode.swift; path = PlanetaryURLBuilder.swift; sourceTree = "<group>"; };
		AD6C1238285DDD35008F0D12 /* PlanetaryURLCreator.swift */ = {isa = PBXFileReference; lastKnownFileType = sourcecode.swift; path = PlanetaryURLCreator.swift; sourceTree = "<group>"; };
		AD6C123B285DE0C3008F0D12 /* Utilities.swift */ = {isa = PBXFileReference; lastKnownFileType = sourcecode.swift; path = Utilities.swift; sourceTree = "<group>"; };
		AD6C123D285DFBDE008F0D12 /* PlanetaryImageCache.swift */ = {isa = PBXFileReference; fileEncoding = 4; lastKnownFileType = sourcecode.swift; path = PlanetaryImageCache.swift; sourceTree = "<group>"; };
/* End PBXFileReference section */

/* Begin PBXFrameworksBuildPhase section */
		AD6C11C7285DCF4A008F0D12 /* Frameworks */ = {
			isa = PBXFrameworksBuildPhase;
			buildActionMask = 2147483647;
			files = (
			);
			runOnlyForDeploymentPostprocessing = 0;
		};
		AD6C11DD285DCF52008F0D12 /* Frameworks */ = {
			isa = PBXFrameworksBuildPhase;
			buildActionMask = 2147483647;
			files = (
			);
			runOnlyForDeploymentPostprocessing = 0;
		};
		AD6C11E7285DCF52008F0D12 /* Frameworks */ = {
			isa = PBXFrameworksBuildPhase;
			buildActionMask = 2147483647;
			files = (
			);
			runOnlyForDeploymentPostprocessing = 0;
		};
/* End PBXFrameworksBuildPhase section */

/* Begin PBXGroup section */
		AD6C11C1285DCF4A008F0D12 = {
			isa = PBXGroup;
			children = (
				AD6C11CC285DCF4A008F0D12 /* SampleNASA */,
				AD6C11E3285DCF52008F0D12 /* SampleNASATests */,
				AD6C11ED285DCF52008F0D12 /* SampleNASAUITests */,
				AD6C11CB285DCF4A008F0D12 /* Products */,
			);
			sourceTree = "<group>";
		};
		AD6C11CB285DCF4A008F0D12 /* Products */ = {
			isa = PBXGroup;
			children = (
				AD6C11CA285DCF4A008F0D12 /* SampleNASA.app */,
				AD6C11E0285DCF52008F0D12 /* SampleNASATests.xctest */,
				AD6C11EA285DCF52008F0D12 /* SampleNASAUITests.xctest */,
			);
			name = Products;
			sourceTree = "<group>";
		};
		AD6C11CC285DCF4A008F0D12 /* SampleNASA */ = {
			isa = PBXGroup;
			children = (
				AD6C11CD285DCF4A008F0D12 /* AppDelegate.swift */,
				AD6C11CF285DCF4A008F0D12 /* SceneDelegate.swift */,
				AD6C11D1285DCF4A008F0D12 /* ViewController.swift */,
				AD6C11D3285DCF4A008F0D12 /* Main.storyboard */,
				AD6C11D6285DCF50008F0D12 /* Assets.xcassets */,
				AD6C11D8285DCF50008F0D12 /* LaunchScreen.storyboard */,
				AD6C11DB285DCF50008F0D12 /* Info.plist */,
				AD6C1201285DCFB0008F0D12 /* PlanetaryViewModel.swift */,
				AD6C1203285DD1CE008F0D12 /* Networking */,
				AD6C1204285DD1E1008F0D12 /* Model */,
				AD6C123B285DE0C3008F0D12 /* Utilities.swift */,
			);
			path = SampleNASA;
			sourceTree = "<group>";
		};
		AD6C11E3285DCF52008F0D12 /* SampleNASATests */ = {
			isa = PBXGroup;
			children = (
				AD6C11E4285DCF52008F0D12 /* SampleNASATests.swift */,
			);
			path = SampleNASATests;
			sourceTree = "<group>";
		};
		AD6C11ED285DCF52008F0D12 /* SampleNASAUITests */ = {
			isa = PBXGroup;
			children = (
				AD6C11EE285DCF52008F0D12 /* SampleNASAUITests.swift */,
				AD6C11F0285DCF52008F0D12 /* SampleNASAUITestsLaunchTests.swift */,
			);
			path = SampleNASAUITests;
			sourceTree = "<group>";
		};
		AD6C1203285DD1CE008F0D12 /* Networking */ = {
			isa = PBXGroup;
			children = (
				AD6C11FD285DCF6F008F0D12 /* PlanetaryNetworkManager.swift */,
				AD6C123D285DFBDE008F0D12 /* PlanetaryImageCache.swift */,
				AD6C123A285DDD40008F0D12 /* URL Building */,
			);
			path = Networking;
			sourceTree = "<group>";
		};
		AD6C1204285DD1E1008F0D12 /* Model */ = {
			isa = PBXGroup;
			children = (
				AD6C11FF285DCF93008F0D12 /* PlanetaryModel.swift */,
			);
			path = Model;
			sourceTree = "<group>";
		};
		AD6C123A285DDD40008F0D12 /* URL Building */ = {
			isa = PBXGroup;
			children = (
				AD6C1205285DD204008F0D12 /* PlanetaryURLBuilder.swift */,
				AD6C1238285DDD35008F0D12 /* PlanetaryURLCreator.swift */,
			);
			path = "URL Building";
			sourceTree = "<group>";
		};
/* End PBXGroup section */

/* Begin PBXNativeTarget section */
		AD6C11C9285DCF4A008F0D12 /* SampleNASA */ = {
			isa = PBXNativeTarget;
			buildConfigurationList = AD6C11F4285DCF52008F0D12 /* Build configuration list for PBXNativeTarget "SampleNASA" */;
			buildPhases = (
				AD6C11C6285DCF4A008F0D12 /* Sources */,
				AD6C11C7285DCF4A008F0D12 /* Frameworks */,
				AD6C11C8285DCF4A008F0D12 /* Resources */,
			);
			buildRules = (
			);
			dependencies = (
			);
			name = SampleNASA;
			productName = SampleNASA;
			productReference = AD6C11CA285DCF4A008F0D12 /* SampleNASA.app */;
			productType = "com.apple.product-type.application";
		};
		AD6C11DF285DCF52008F0D12 /* SampleNASATests */ = {
			isa = PBXNativeTarget;
			buildConfigurationList = AD6C11F7285DCF52008F0D12 /* Build configuration list for PBXNativeTarget "SampleNASATests" */;
			buildPhases = (
				AD6C11DC285DCF52008F0D12 /* Sources */,
				AD6C11DD285DCF52008F0D12 /* Frameworks */,
				AD6C11DE285DCF52008F0D12 /* Resources */,
			);
			buildRules = (
			);
			dependencies = (
				AD6C11E2285DCF52008F0D12 /* PBXTargetDependency */,
			);
			name = SampleNASATests;
			productName = SampleNASATests;
			productReference = AD6C11E0285DCF52008F0D12 /* SampleNASATests.xctest */;
			productType = "com.apple.product-type.bundle.unit-test";
		};
		AD6C11E9285DCF52008F0D12 /* SampleNASAUITests */ = {
			isa = PBXNativeTarget;
			buildConfigurationList = AD6C11FA285DCF52008F0D12 /* Build configuration list for PBXNativeTarget "SampleNASAUITests" */;
			buildPhases = (
				AD6C11E6285DCF52008F0D12 /* Sources */,
				AD6C11E7285DCF52008F0D12 /* Frameworks */,
				AD6C11E8285DCF52008F0D12 /* Resources */,
			);
			buildRules = (
			);
			dependencies = (
				AD6C11EC285DCF52008F0D12 /* PBXTargetDependency */,
			);
			name = SampleNASAUITests;
			productName = SampleNASAUITests;
			productReference = AD6C11EA285DCF52008F0D12 /* SampleNASAUITests.xctest */;
			productType = "com.apple.product-type.bundle.ui-testing";
		};
/* End PBXNativeTarget section */

/* Begin PBXProject section */
		AD6C11C2285DCF4A008F0D12 /* Project object */ = {
			isa = PBXProject;
			attributes = {
				BuildIndependentTargetsInParallel = 1;
				LastSwiftUpdateCheck = 1320;
				LastUpgradeCheck = 1320;
				TargetAttributes = {
					AD6C11C9285DCF4A008F0D12 = {
						CreatedOnToolsVersion = 13.2.1;
					};
					AD6C11DF285DCF52008F0D12 = {
						CreatedOnToolsVersion = 13.2.1;
						TestTargetID = AD6C11C9285DCF4A008F0D12;
					};
					AD6C11E9285DCF52008F0D12 = {
						CreatedOnToolsVersion = 13.2.1;
						TestTargetID = AD6C11C9285DCF4A008F0D12;
					};
				};
			};
			buildConfigurationList = AD6C11C5285DCF4A008F0D12 /* Build configuration list for PBXProject "SampleNASA" */;
			compatibilityVersion = "Xcode 13.0";
			developmentRegion = en;
			hasScannedForEncodings = 0;
			knownRegions = (
				en,
				Base,
			);
			mainGroup = AD6C11C1285DCF4A008F0D12;
			productRefGroup = AD6C11CB285DCF4A008F0D12 /* Products */;
			projectDirPath = "";
			projectRoot = "";
			targets = (
				AD6C11C9285DCF4A008F0D12 /* SampleNASA */,
				AD6C11DF285DCF52008F0D12 /* SampleNASATests */,
				AD6C11E9285DCF52008F0D12 /* SampleNASAUITests */,
			);
		};
/* End PBXProject section */

/* Begin PBXResourcesBuildPhase section */
		AD6C11C8285DCF4A008F0D12 /* Resources */ = {
			isa = PBXResourcesBuildPhase;
			buildActionMask = 2147483647;
			files = (
				AD6C11DA285DCF50008F0D12 /* LaunchScreen.storyboard in Resources */,
				AD6C11D7285DCF50008F0D12 /* Assets.xcassets in Resources */,
				AD6C11D5285DCF4A008F0D12 /* Main.storyboard in Resources */,
			);
			runOnlyForDeploymentPostprocessing = 0;
		};
		AD6C11DE285DCF52008F0D12 /* Resources */ = {
			isa = PBXResourcesBuildPhase;
			buildActionMask = 2147483647;
			files = (
			);
			runOnlyForDeploymentPostprocessing = 0;
		};
		AD6C11E8285DCF52008F0D12 /* Resources */ = {
			isa = PBXResourcesBuildPhase;
			buildActionMask = 2147483647;
			files = (
			);
			runOnlyForDeploymentPostprocessing = 0;
		};
/* End PBXResourcesBuildPhase section */

/* Begin PBXSourcesBuildPhase section */
		AD6C11C6285DCF4A008F0D12 /* Sources */ = {
			isa = PBXSourcesBuildPhase;
			buildActionMask = 2147483647;
			files = (
				AD6C123E285DFBDE008F0D12 /* PlanetaryImageCache.swift in Sources */,
				AD6C1206285DD204008F0D12 /* PlanetaryURLBuilder.swift in Sources */,
				AD6C11FE285DCF6F008F0D12 /* PlanetaryNetworkManager.swift in Sources */,
				AD6C11D2285DCF4A008F0D12 /* ViewController.swift in Sources */,
				AD6C11CE285DCF4A008F0D12 /* AppDelegate.swift in Sources */,
				AD6C1202285DCFB0008F0D12 /* PlanetaryViewModel.swift in Sources */,
				AD6C11D0285DCF4A008F0D12 /* SceneDelegate.swift in Sources */,
				AD6C1239285DDD35008F0D12 /* PlanetaryURLCreator.swift in Sources */,
				AD6C123C285DE0C3008F0D12 /* Utilities.swift in Sources */,
				AD6C1200285DCF93008F0D12 /* PlanetaryModel.swift in Sources */,
			);
			runOnlyForDeploymentPostprocessing = 0;
		};
		AD6C11DC285DCF52008F0D12 /* Sources */ = {
			isa = PBXSourcesBuildPhase;
			buildActionMask = 2147483647;
			files = (
				AD6C11E5285DCF52008F0D12 /* SampleNASATests.swift in Sources */,
			);
			runOnlyForDeploymentPostprocessing = 0;
		};
		AD6C11E6285DCF52008F0D12 /* Sources */ = {
			isa = PBXSourcesBuildPhase;
			buildActionMask = 2147483647;
			files = (
				AD6C11EF285DCF52008F0D12 /* SampleNASAUITests.swift in Sources */,
				AD6C11F1285DCF52008F0D12 /* SampleNASAUITestsLaunchTests.swift in Sources */,
			);
			runOnlyForDeploymentPostprocessing = 0;
		};
/* End PBXSourcesBuildPhase section */

/* Begin PBXTargetDependency section */
		AD6C11E2285DCF52008F0D12 /* PBXTargetDependency */ = {
			isa = PBXTargetDependency;
			target = AD6C11C9285DCF4A008F0D12 /* SampleNASA */;
			targetProxy = AD6C11E1285DCF52008F0D12 /* PBXContainerItemProxy */;
		};
		AD6C11EC285DCF52008F0D12 /* PBXTargetDependency */ = {
			isa = PBXTargetDependency;
			target = AD6C11C9285DCF4A008F0D12 /* SampleNASA */;
			targetProxy = AD6C11EB285DCF52008F0D12 /* PBXContainerItemProxy */;
		};
/* End PBXTargetDependency section */

/* Begin PBXVariantGroup section */
		AD6C11D3285DCF4A008F0D12 /* Main.storyboard */ = {
			isa = PBXVariantGroup;
			children = (
				AD6C11D4285DCF4A008F0D12 /* Base */,
			);
			name = Main.storyboard;
			sourceTree = "<group>";
		};
		AD6C11D8285DCF50008F0D12 /* LaunchScreen.storyboard */ = {
			isa = PBXVariantGroup;
			children = (
				AD6C11D9285DCF50008F0D12 /* Base */,
			);
			name = LaunchScreen.storyboard;
			sourceTree = "<group>";
		};
/* End PBXVariantGroup section */

/* Begin XCBuildConfiguration section */
		AD6C11F2285DCF52008F0D12 /* Debug */ = {
			isa = XCBuildConfiguration;
			buildSettings = {
				ALWAYS_SEARCH_USER_PATHS = NO;
				CLANG_ANALYZER_NONNULL = YES;
				CLANG_ANALYZER_NUMBER_OBJECT_CONVERSION = YES_AGGRESSIVE;
				CLANG_CXX_LANGUAGE_STANDARD = "gnu++17";
				CLANG_CXX_LIBRARY = "libc++";
				CLANG_ENABLE_MODULES = YES;
				CLANG_ENABLE_OBJC_ARC = YES;
				CLANG_ENABLE_OBJC_WEAK = YES;
				CLANG_WARN_BLOCK_CAPTURE_AUTORELEASING = YES;
				CLANG_WARN_BOOL_CONVERSION = YES;
				CLANG_WARN_COMMA = YES;
				CLANG_WARN_CONSTANT_CONVERSION = YES;
				CLANG_WARN_DEPRECATED_OBJC_IMPLEMENTATIONS = YES;
				CLANG_WARN_DIRECT_OBJC_ISA_USAGE = YES_ERROR;
				CLANG_WARN_DOCUMENTATION_COMMENTS = YES;
				CLANG_WARN_EMPTY_BODY = YES;
				CLANG_WARN_ENUM_CONVERSION = YES;
				CLANG_WARN_INFINITE_RECURSION = YES;
				CLANG_WARN_INT_CONVERSION = YES;
				CLANG_WARN_NON_LITERAL_NULL_CONVERSION = YES;
				CLANG_WARN_OBJC_IMPLICIT_RETAIN_SELF = YES;
				CLANG_WARN_OBJC_LITERAL_CONVERSION = YES;
				CLANG_WARN_OBJC_ROOT_CLASS = YES_ERROR;
				CLANG_WARN_QUOTED_INCLUDE_IN_FRAMEWORK_HEADER = YES;
				CLANG_WARN_RANGE_LOOP_ANALYSIS = YES;
				CLANG_WARN_STRICT_PROTOTYPES = YES;
				CLANG_WARN_SUSPICIOUS_MOVE = YES;
				CLANG_WARN_UNGUARDED_AVAILABILITY = YES_AGGRESSIVE;
				CLANG_WARN_UNREACHABLE_CODE = YES;
				CLANG_WARN__DUPLICATE_METHOD_MATCH = YES;
				COPY_PHASE_STRIP = NO;
				DEBUG_INFORMATION_FORMAT = dwarf;
				ENABLE_STRICT_OBJC_MSGSEND = YES;
				ENABLE_TESTABILITY = YES;
				GCC_C_LANGUAGE_STANDARD = gnu11;
				GCC_DYNAMIC_NO_PIC = NO;
				GCC_NO_COMMON_BLOCKS = YES;
				GCC_OPTIMIZATION_LEVEL = 0;
				GCC_PREPROCESSOR_DEFINITIONS = (
					"DEBUG=1",
					"$(inherited)",
				);
				GCC_WARN_64_TO_32_BIT_CONVERSION = YES;
				GCC_WARN_ABOUT_RETURN_TYPE = YES_ERROR;
				GCC_WARN_UNDECLARED_SELECTOR = YES;
				GCC_WARN_UNINITIALIZED_AUTOS = YES_AGGRESSIVE;
				GCC_WARN_UNUSED_FUNCTION = YES;
				GCC_WARN_UNUSED_VARIABLE = YES;
				IPHONEOS_DEPLOYMENT_TARGET = 15.2;
				MTL_ENABLE_DEBUG_INFO = INCLUDE_SOURCE;
				MTL_FAST_MATH = YES;
				ONLY_ACTIVE_ARCH = YES;
				SDKROOT = iphoneos;
				SWIFT_ACTIVE_COMPILATION_CONDITIONS = DEBUG;
				SWIFT_OPTIMIZATION_LEVEL = "-Onone";
			};
			name = Debug;
		};
		AD6C11F3285DCF52008F0D12 /* Release */ = {
			isa = XCBuildConfiguration;
			buildSettings = {
				ALWAYS_SEARCH_USER_PATHS = NO;
				CLANG_ANALYZER_NONNULL = YES;
				CLANG_ANALYZER_NUMBER_OBJECT_CONVERSION = YES_AGGRESSIVE;
				CLANG_CXX_LANGUAGE_STANDARD = "gnu++17";
				CLANG_CXX_LIBRARY = "libc++";
				CLANG_ENABLE_MODULES = YES;
				CLANG_ENABLE_OBJC_ARC = YES;
				CLANG_ENABLE_OBJC_WEAK = YES;
				CLANG_WARN_BLOCK_CAPTURE_AUTORELEASING = YES;
				CLANG_WARN_BOOL_CONVERSION = YES;
				CLANG_WARN_COMMA = YES;
				CLANG_WARN_CONSTANT_CONVERSION = YES;
				CLANG_WARN_DEPRECATED_OBJC_IMPLEMENTATIONS = YES;
				CLANG_WARN_DIRECT_OBJC_ISA_USAGE = YES_ERROR;
				CLANG_WARN_DOCUMENTATION_COMMENTS = YES;
				CLANG_WARN_EMPTY_BODY = YES;
				CLANG_WARN_ENUM_CONVERSION = YES;
				CLANG_WARN_INFINITE_RECURSION = YES;
				CLANG_WARN_INT_CONVERSION = YES;
				CLANG_WARN_NON_LITERAL_NULL_CONVERSION = YES;
				CLANG_WARN_OBJC_IMPLICIT_RETAIN_SELF = YES;
				CLANG_WARN_OBJC_LITERAL_CONVERSION = YES;
				CLANG_WARN_OBJC_ROOT_CLASS = YES_ERROR;
				CLANG_WARN_QUOTED_INCLUDE_IN_FRAMEWORK_HEADER = YES;
				CLANG_WARN_RANGE_LOOP_ANALYSIS = YES;
				CLANG_WARN_STRICT_PROTOTYPES = YES;
				CLANG_WARN_SUSPICIOUS_MOVE = YES;
				CLANG_WARN_UNGUARDED_AVAILABILITY = YES_AGGRESSIVE;
				CLANG_WARN_UNREACHABLE_CODE = YES;
				CLANG_WARN__DUPLICATE_METHOD_MATCH = YES;
				COPY_PHASE_STRIP = NO;
				DEBUG_INFORMATION_FORMAT = "dwarf-with-dsym";
				ENABLE_NS_ASSERTIONS = NO;
				ENABLE_STRICT_OBJC_MSGSEND = YES;
				GCC_C_LANGUAGE_STANDARD = gnu11;
				GCC_NO_COMMON_BLOCKS = YES;
				GCC_WARN_64_TO_32_BIT_CONVERSION = YES;
				GCC_WARN_ABOUT_RETURN_TYPE = YES_ERROR;
				GCC_WARN_UNDECLARED_SELECTOR = YES;
				GCC_WARN_UNINITIALIZED_AUTOS = YES_AGGRESSIVE;
				GCC_WARN_UNUSED_FUNCTION = YES;
				GCC_WARN_UNUSED_VARIABLE = YES;
				IPHONEOS_DEPLOYMENT_TARGET = 15.2;
				MTL_ENABLE_DEBUG_INFO = NO;
				MTL_FAST_MATH = YES;
				SDKROOT = iphoneos;
				SWIFT_COMPILATION_MODE = wholemodule;
				SWIFT_OPTIMIZATION_LEVEL = "-O";
				VALIDATE_PRODUCT = YES;
			};
			name = Release;
		};
		AD6C11F5285DCF52008F0D12 /* Debug */ = {
			isa = XCBuildConfiguration;
			buildSettings = {
				ASSETCATALOG_COMPILER_APPICON_NAME = AppIcon;
				ASSETCATALOG_COMPILER_GLOBAL_ACCENT_COLOR_NAME = AccentColor;
				CODE_SIGN_STYLE = Automatic;
				CURRENT_PROJECT_VERSION = 1;
				DEVELOPMENT_TEAM = 8YMF55BR7Y;
				GENERATE_INFOPLIST_FILE = YES;
				INFOPLIST_FILE = SampleNASA/Info.plist;
				INFOPLIST_KEY_UIApplicationSupportsIndirectInputEvents = YES;
				INFOPLIST_KEY_UILaunchStoryboardName = LaunchScreen;
				INFOPLIST_KEY_UIMainStoryboardFile = Main;
				INFOPLIST_KEY_UISupportedInterfaceOrientations_iPad = "UIInterfaceOrientationPortrait UIInterfaceOrientationPortraitUpsideDown UIInterfaceOrientationLandscapeLeft UIInterfaceOrientationLandscapeRight";
				INFOPLIST_KEY_UISupportedInterfaceOrientations_iPhone = "UIInterfaceOrientationPortrait UIInterfaceOrientationLandscapeLeft UIInterfaceOrientationLandscapeRight";
				LD_RUNPATH_SEARCH_PATHS = (
					"$(inherited)",
					"@executable_path/Frameworks",
				);
				MARKETING_VERSION = 1.0;
				PRODUCT_BUNDLE_IDENTIFIER = com.sample.SampleNASA.SampleNASA;
				PRODUCT_NAME = "$(TARGET_NAME)";
				SWIFT_EMIT_LOC_STRINGS = YES;
				SWIFT_VERSION = 5.0;
				TARGETED_DEVICE_FAMILY = "1,2";
			};
			name = Debug;
		};
		AD6C11F6285DCF52008F0D12 /* Release */ = {
			isa = XCBuildConfiguration;
			buildSettings = {
				ASSETCATALOG_COMPILER_APPICON_NAME = AppIcon;
				ASSETCATALOG_COMPILER_GLOBAL_ACCENT_COLOR_NAME = AccentColor;
				CODE_SIGN_STYLE = Automatic;
				CURRENT_PROJECT_VERSION = 1;
				DEVELOPMENT_TEAM = 8YMF55BR7Y;
				GENERATE_INFOPLIST_FILE = YES;
				INFOPLIST_FILE = SampleNASA/Info.plist;
				INFOPLIST_KEY_UIApplicationSupportsIndirectInputEvents = YES;
				INFOPLIST_KEY_UILaunchStoryboardName = LaunchScreen;
				INFOPLIST_KEY_UIMainStoryboardFile = Main;
				INFOPLIST_KEY_UISupportedInterfaceOrientations_iPad = "UIInterfaceOrientationPortrait UIInterfaceOrientationPortraitUpsideDown UIInterfaceOrientationLandscapeLeft UIInterfaceOrientationLandscapeRight";
				INFOPLIST_KEY_UISupportedInterfaceOrientations_iPhone = "UIInterfaceOrientationPortrait UIInterfaceOrientationLandscapeLeft UIInterfaceOrientationLandscapeRight";
				LD_RUNPATH_SEARCH_PATHS = (
					"$(inherited)",
					"@executable_path/Frameworks",
				);
				MARKETING_VERSION = 1.0;
				PRODUCT_BUNDLE_IDENTIFIER = com.sample.SampleNASA.SampleNASA;
				PRODUCT_NAME = "$(TARGET_NAME)";
				SWIFT_EMIT_LOC_STRINGS = YES;
				SWIFT_VERSION = 5.0;
				TARGETED_DEVICE_FAMILY = "1,2";
			};
			name = Release;
		};
		AD6C11F8285DCF52008F0D12 /* Debug */ = {
			isa = XCBuildConfiguration;
			buildSettings = {
				ALWAYS_EMBED_SWIFT_STANDARD_LIBRARIES = YES;
				BUNDLE_LOADER = "$(TEST_HOST)";
				CODE_SIGN_STYLE = Automatic;
				CURRENT_PROJECT_VERSION = 1;
				DEVELOPMENT_TEAM = 8YMF55BR7Y;
				GENERATE_INFOPLIST_FILE = YES;
				IPHONEOS_DEPLOYMENT_TARGET = 15.2;
				MARKETING_VERSION = 1.0;
				PRODUCT_BUNDLE_IDENTIFIER = com.sample.SampleNASA.SampleNASATests;
				PRODUCT_NAME = "$(TARGET_NAME)";
				SWIFT_EMIT_LOC_STRINGS = NO;
				SWIFT_VERSION = 5.0;
				TARGETED_DEVICE_FAMILY = "1,2";
				TEST_HOST = "$(BUILT_PRODUCTS_DIR)/SampleNASA.app/SampleNASA";
			};
			name = Debug;
		};
		AD6C11F9285DCF52008F0D12 /* Release */ = {
			isa = XCBuildConfiguration;
			buildSettings = {
				ALWAYS_EMBED_SWIFT_STANDARD_LIBRARIES = YES;
				BUNDLE_LOADER = "$(TEST_HOST)";
				CODE_SIGN_STYLE = Automatic;
				CURRENT_PROJECT_VERSION = 1;
				DEVELOPMENT_TEAM = 8YMF55BR7Y;
				GENERATE_INFOPLIST_FILE = YES;
				IPHONEOS_DEPLOYMENT_TARGET = 15.2;
				MARKETING_VERSION = 1.0;
				PRODUCT_BUNDLE_IDENTIFIER = com.sample.SampleNASA.SampleNASATests;
				PRODUCT_NAME = "$(TARGET_NAME)";
				SWIFT_EMIT_LOC_STRINGS = NO;
				SWIFT_VERSION = 5.0;
				TARGETED_DEVICE_FAMILY = "1,2";
				TEST_HOST = "$(BUILT_PRODUCTS_DIR)/SampleNASA.app/SampleNASA";
			};
			name = Release;
		};
		AD6C11FB285DCF52008F0D12 /* Debug */ = {
			isa = XCBuildConfiguration;
			buildSettings = {
				ALWAYS_EMBED_SWIFT_STANDARD_LIBRARIES = YES;
				CODE_SIGN_STYLE = Automatic;
				CURRENT_PROJECT_VERSION = 1;
				DEVELOPMENT_TEAM = 8YMF55BR7Y;
				GENERATE_INFOPLIST_FILE = YES;
				MARKETING_VERSION = 1.0;
				PRODUCT_BUNDLE_IDENTIFIER = com.sample.SampleNASA.SampleNASAUITests;
				PRODUCT_NAME = "$(TARGET_NAME)";
				SWIFT_EMIT_LOC_STRINGS = NO;
				SWIFT_VERSION = 5.0;
				TARGETED_DEVICE_FAMILY = "1,2";
				TEST_TARGET_NAME = SampleNASA;
			};
			name = Debug;
		};
		AD6C11FC285DCF52008F0D12 /* Release */ = {
			isa = XCBuildConfiguration;
			buildSettings = {
				ALWAYS_EMBED_SWIFT_STANDARD_LIBRARIES = YES;
				CODE_SIGN_STYLE = Automatic;
				CURRENT_PROJECT_VERSION = 1;
				DEVELOPMENT_TEAM = 8YMF55BR7Y;
				GENERATE_INFOPLIST_FILE = YES;
				MARKETING_VERSION = 1.0;
				PRODUCT_BUNDLE_IDENTIFIER = com.sample.SampleNASA.SampleNASAUITests;
				PRODUCT_NAME = "$(TARGET_NAME)";
				SWIFT_EMIT_LOC_STRINGS = NO;
				SWIFT_VERSION = 5.0;
				TARGETED_DEVICE_FAMILY = "1,2";
				TEST_TARGET_NAME = SampleNASA;
			};
			name = Release;
		};
/* End XCBuildConfiguration section */

/* Begin XCConfigurationList section */
		AD6C11C5285DCF4A008F0D12 /* Build configuration list for PBXProject "SampleNASA" */ = {
			isa = XCConfigurationList;
			buildConfigurations = (
				AD6C11F2285DCF52008F0D12 /* Debug */,
				AD6C11F3285DCF52008F0D12 /* Release */,
			);
			defaultConfigurationIsVisible = 0;
			defaultConfigurationName = Release;
		};
		AD6C11F4285DCF52008F0D12 /* Build configuration list for PBXNativeTarget "SampleNASA" */ = {
			isa = XCConfigurationList;
			buildConfigurations = (
				AD6C11F5285DCF52008F0D12 /* Debug */,
				AD6C11F6285DCF52008F0D12 /* Release */,
			);
			defaultConfigurationIsVisible = 0;
			defaultConfigurationName = Release;
		};
		AD6C11F7285DCF52008F0D12 /* Build configuration list for PBXNativeTarget "SampleNASATests" */ = {
			isa = XCConfigurationList;
			buildConfigurations = (
				AD6C11F8285DCF52008F0D12 /* Debug */,
				AD6C11F9285DCF52008F0D12 /* Release */,
			);
			defaultConfigurationIsVisible = 0;
			defaultConfigurationName = Release;
		};
		AD6C11FA285DCF52008F0D12 /* Build configuration list for PBXNativeTarget "SampleNASAUITests" */ = {
			isa = XCConfigurationList;
			buildConfigurations = (
				AD6C11FB285DCF52008F0D12 /* Debug */,
				AD6C11FC285DCF52008F0D12 /* Release */,
			);
			defaultConfigurationIsVisible = 0;
			defaultConfigurationName = Release;
		};
/* End XCConfigurationList section */
	};
	rootObject = AD6C11C2285DCF4A008F0D12 /* Project object */;
}
